
Microsoft Visual Studio Solution File, Format Version 12.00
# Visual Studio 2013
VisualStudioVersion = 12.0.31101.0
MinimumVisualStudioVersion = 10.0.40219.1
Project("{FAE04EC0-301F-11D3-BF4B-00C04F79EFBC}") = "WcfInterface", "WcfInterface\WcfInterface.csproj", "{1E924290-6A3D-4B9F-AF13-3981C50372B9}"
EndProject
Project("{FAE04EC0-301F-11D3-BF4B-00C04F79EFBC}") = "IISHost", "IISHost\IISHost.csproj", "{058042B5-CE6B-405B-B9FD-21A3D09EE9C7}"
EndProject
Project("{FAE04EC0-301F-11D3-BF4B-00C04F79EFBC}") = "SelfHost", "SelfHost\SelfHost.csproj", "{59014118-3DC6-4414-9F92-A7809AE4132D}"
EndProject
Global
	GlobalSection(SolutionConfigurationPlatforms) = preSolution
		Debug|Any CPU = Debug|Any CPU
		Release|Any CPU = Release|Any CPU
	EndGlobalSection
	GlobalSection(ProjectConfigurationPlatforms) = postSolution
		{1E924290-6A3D-4B9F-AF13-3981C50372B9}.Debug|Any CPU.ActiveCfg = Debug|Any CPU
		{1E924290-6A3D-4B9F-AF13-3981C50372B9}.Debug|Any CPU.Build.0 = Debug|Any CPU
		{1E924290-6A3D-4B9F-AF13-3981C50372B9}.Release|Any CPU.ActiveCfg = Release|Any CPU
		{1E924290-6A3D-4B9F-AF13-3981C50372B9}.Release|Any CPU.Build.0 = Release|Any CPU
		{058042B5-CE6B-405B-B9FD-21A3D09EE9C7}.Debug|Any CPU.ActiveCfg = Debug|Any CPU
		{058042B5-CE6B-405B-B9FD-21A3D09EE9C7}.Debug|Any CPU.Build.0 = Debug|Any CPU
		{058042B5-CE6B-405B-B9FD-21A3D09EE9C7}.Release|Any CPU.ActiveCfg = Release|Any CPU
		{058042B5-CE6B-405B-B9FD-21A3D09EE9C7}.Release|Any CPU.Build.0 = Release|Any CPU
		{59014118-3DC6-4414-9F92-A7809AE4132D}.Debug|Any CPU.ActiveCfg = Debug|Any CPU
		{59014118-3DC6-4414-9F92-A7809AE4132D}.Debug|Any CPU.Build.0 = Debug|Any CPU
		{59014118-3DC6-4414-9F92-A7809AE4132D}.Release|Any CPU.ActiveCfg = Release|Any CPU
		{59014118-3DC6-4414-9F92-A7809AE4132D}.Release|Any CPU.Build.0 = Release|Any CPU
	EndGlobalSection
	GlobalSection(SolutionProperties) = preSolution
		HideSolutionNode = FALSE
	EndGlobalSection
EndGlobal
