
Microsoft Visual Studio Solution File, Format Version 12.00
# Visual Studio 14
VisualStudioVersion = 14.0.23107.0
MinimumVisualStudioVersion = 10.0.40219.1
Project("{FAE04EC0-301F-11D3-BF4B-00C04F79EFBC}") = "ProMVC", "ProMVC\ProMVC.csproj", "{7A7731FB-4CF1-4175-9A74-053AC5204A36}"
EndProject
Project("{FAE04EC0-301F-11D3-BF4B-00C04F79EFBC}") = "ProMVC.Tests", "ProMVC.Tests\ProMVC.Tests.csproj", "{77E72CF3-DC77-46D5-82D2-6DC149EF3C47}"
EndProject
Project("{FAE04EC0-301F-11D3-BF4B-00C04F79EFBC}") = "StandardMVC", "StandardMVC\StandardMVC.csproj", "{531AA7B5-6664-42F8-9623-9397A6167D2E}"
EndProject
Project("{FAE04EC0-301F-11D3-BF4B-00C04F79EFBC}") = "StandardMVC.Tests", "StandardMVC.Tests\StandardMVC.Tests.csproj", "{C9DEF0CF-3934-4EFE-A182-3C17BC7C694A}"
EndProject
Project("{2150E333-8FDC-42A3-9474-1A3956D46DE8}") = "MVC", "MVC", "{2F832911-C94D-42B1-A0BC-26C6AD1CCAC3}"
EndProject
Global
	GlobalSection(SolutionConfigurationPlatforms) = preSolution
		Debug|Any CPU = Debug|Any CPU
		Release|Any CPU = Release|Any CPU
	EndGlobalSection
	GlobalSection(ProjectConfigurationPlatforms) = postSolution
		{7A7731FB-4CF1-4175-9A74-053AC5204A36}.Debug|Any CPU.ActiveCfg = Debug|Any CPU
		{7A7731FB-4CF1-4175-9A74-053AC5204A36}.Debug|Any CPU.Build.0 = Debug|Any CPU
		{7A7731FB-4CF1-4175-9A74-053AC5204A36}.Release|Any CPU.ActiveCfg = Release|Any CPU
		{7A7731FB-4CF1-4175-9A74-053AC5204A36}.Release|Any CPU.Build.0 = Release|Any CPU
		{77E72CF3-DC77-46D5-82D2-6DC149EF3C47}.Debug|Any CPU.ActiveCfg = Debug|Any CPU
		{77E72CF3-DC77-46D5-82D2-6DC149EF3C47}.Debug|Any CPU.Build.0 = Debug|Any CPU
		{77E72CF3-DC77-46D5-82D2-6DC149EF3C47}.Release|Any CPU.ActiveCfg = Release|Any CPU
		{77E72CF3-DC77-46D5-82D2-6DC149EF3C47}.Release|Any CPU.Build.0 = Release|Any CPU
		{531AA7B5-6664-42F8-9623-9397A6167D2E}.Debug|Any CPU.ActiveCfg = Debug|Any CPU
		{531AA7B5-6664-42F8-9623-9397A6167D2E}.Debug|Any CPU.Build.0 = Debug|Any CPU
		{531AA7B5-6664-42F8-9623-9397A6167D2E}.Release|Any CPU.ActiveCfg = Release|Any CPU
		{531AA7B5-6664-42F8-9623-9397A6167D2E}.Release|Any CPU.Build.0 = Release|Any CPU
		{C9DEF0CF-3934-4EFE-A182-3C17BC7C694A}.Debug|Any CPU.ActiveCfg = Debug|Any CPU
		{C9DEF0CF-3934-4EFE-A182-3C17BC7C694A}.Debug|Any CPU.Build.0 = Debug|Any CPU
		{C9DEF0CF-3934-4EFE-A182-3C17BC7C694A}.Release|Any CPU.ActiveCfg = Release|Any CPU
		{C9DEF0CF-3934-4EFE-A182-3C17BC7C694A}.Release|Any CPU.Build.0 = Release|Any CPU
	EndGlobalSection
	GlobalSection(SolutionProperties) = preSolution
		HideSolutionNode = FALSE
	EndGlobalSection
	GlobalSection(NestedProjects) = preSolution
		{7A7731FB-4CF1-4175-9A74-053AC5204A36} = {2F832911-C94D-42B1-A0BC-26C6AD1CCAC3}
		{77E72CF3-DC77-46D5-82D2-6DC149EF3C47} = {2F832911-C94D-42B1-A0BC-26C6AD1CCAC3}
		{531AA7B5-6664-42F8-9623-9397A6167D2E} = {2F832911-C94D-42B1-A0BC-26C6AD1CCAC3}
		{C9DEF0CF-3934-4EFE-A182-3C17BC7C694A} = {2F832911-C94D-42B1-A0BC-26C6AD1CCAC3}
	EndGlobalSection
EndGlobal
