
Microsoft Visual Studio Solution File, Format Version 12.00
# Visual Studio 14
VisualStudioVersion = 14.0.23107.0
MinimumVisualStudioVersion = 10.0.40219.1
Project("{FAE04EC0-301F-11D3-BF4B-00C04F79EFBC}") = "ProMVC", "ProMVC\ProMVC.csproj", "{7A7731FB-4CF1-4175-9A74-053AC5204A36}"
EndProject
Project("{FAE04EC0-301F-11D3-BF4B-00C04F79EFBC}") = "ProMVC.Tests", "ProMVC.Tests\ProMVC.Tests.csproj", "{77E72CF3-DC77-46D5-82D2-6DC149EF3C47}"
EndProject
Global
	GlobalSection(SolutionConfigurationPlatforms) = preSolution
		Debug|Any CPU = Debug|Any CPU
		Release|Any CPU = Release|Any CPU
	EndGlobalSection
	GlobalSection(ProjectConfigurationPlatforms) = postSolution
		{7A7731FB-4CF1-4175-9A74-053AC5204A36}.Debug|Any CPU.ActiveCfg = Debug|Any CPU
		{7A7731FB-4CF1-4175-9A74-053AC5204A36}.Debug|Any CPU.Build.0 = Debug|Any CPU
		{7A7731FB-4CF1-4175-9A74-053AC5204A36}.Release|Any CPU.ActiveCfg = Release|Any CPU
		{7A7731FB-4CF1-4175-9A74-053AC5204A36}.Release|Any CPU.Build.0 = Release|Any CPU
		{77E72CF3-DC77-46D5-82D2-6DC149EF3C47}.Debug|Any CPU.ActiveCfg = Debug|Any CPU
		{77E72CF3-DC77-46D5-82D2-6DC149EF3C47}.Debug|Any CPU.Build.0 = Debug|Any CPU
		{77E72CF3-DC77-46D5-82D2-6DC149EF3C47}.Release|Any CPU.ActiveCfg = Release|Any CPU
		{77E72CF3-DC77-46D5-82D2-6DC149EF3C47}.Release|Any CPU.Build.0 = Release|Any CPU
	EndGlobalSection
	GlobalSection(SolutionProperties) = preSolution
		HideSolutionNode = FALSE
	EndGlobalSection
EndGlobal
